
Microsoft Visual Studio Solution File, Format Version 12.00
# Visual Studio 15
VisualStudioVersion = 15.0.26730.3
MinimumVisualStudioVersion = 10.0.40219.1
Project("{9A19103F-16F7-4668-BE54-9A1E7A4F7556}") = "project", ".\server\project.csproj", "{08CB1B0D-7193-4277-9BA6-00F60A6733DF}"
EndProject
Global
	GlobalSection(SolutionConfigurationPlatforms) = preSolution
		Debug|Any CPU = Debug|Any CPU
		Release|Any CPU = Release|Any CPU
	EndGlobalSection
	GlobalSection(ProjectConfigurationPlatforms) = postSolution
		{08CB1B0D-7193-4277-9BA6-00F60A6733DF}.Debug|Any CPU.ActiveCfg = Debug|Any CPU
		{08CB1B0D-7193-4277-9BA6-00F60A6733DF}.Debug|Any CPU.Build.0 = Debug|Any CPU
		{08CB1B0D-7193-4277-9BA6-00F60A6733DF}.Release|Any CPU.ActiveCfg = Release|Any CPU
		{08CB1B0D-7193-4277-9BA6-00F60A6733DF}.Release|Any CPU.Build.0 = Release|Any CPU
		{8D393424-8170-40D4-A6F2-812A06241AB0}.Debug|Any CPU.ActiveCfg = Debug|Any CPU
		{8D393424-8170-40D4-A6F2-812A06241AB0}.Debug|Any CPU.Build.0 = Debug|Any CPU
		{8D393424-8170-40D4-A6F2-812A06241AB0}.Release|Any CPU.ActiveCfg = Debug|Any CPU
		{8D393424-8170-40D4-A6F2-812A06241AB0}.Release|Any CPU.Build.0 = Debug|Any CPU
		{5270BF30-4F7A-46D8-8E30-0DC996011F85}.Debug|Any CPU.ActiveCfg = Debug|Any CPU
		{5270BF30-4F7A-46D8-8E30-0DC996011F85}.Debug|Any CPU.Build.0 = Debug|Any CPU
		{5270BF30-4F7A-46D8-8E30-0DC996011F85}.Release|Any CPU.ActiveCfg = Debug|Any CPU
		{5270BF30-4F7A-46D8-8E30-0DC996011F85}.Release|Any CPU.Build.0 = Debug|Any CPU
	EndGlobalSection
	GlobalSection(SolutionProperties) = preSolution
		HideSolutionNode = FALSE
	EndGlobalSection
	GlobalSection(ExtensibilityGlobals) = postSolution
		SolutionGuid = {B4DD93E6-001E-4807-98D0-AB4FF27F240D}
	EndGlobalSection
EndGlobal
